
Microsoft Visual Studio Solution File, Format Version 12.00
# Visual Studio 15
Project("{FAE04EC0-301F-11D3-BF4B-00C04F79EFBC}") = "ufo2d", "Assembly-CSharp.csproj", "{93B2F0AC-24A4-DD82-1299-8DA8A1855E8F}"
EndProject
Project("{FAE04EC0-301F-11D3-BF4B-00C04F79EFBC}") = "ufo2d", "Assembly-CSharp-Editor.csproj", "{A5CED44C-D371-8316-A221-9D03FB82358A}"
EndProject
Global
	GlobalSection(SolutionConfigurationPlatforms) = preSolution
		Debug|Any CPU = Debug|Any CPU
		Release|Any CPU = Release|Any CPU
	EndGlobalSection
	GlobalSection(ProjectConfigurationPlatforms) = postSolution
		{93B2F0AC-24A4-DD82-1299-8DA8A1855E8F}.Debug|Any CPU.ActiveCfg = Debug|Any CPU
		{93B2F0AC-24A4-DD82-1299-8DA8A1855E8F}.Debug|Any CPU.Build.0 = Debug|Any CPU
		{93B2F0AC-24A4-DD82-1299-8DA8A1855E8F}.Release|Any CPU.ActiveCfg = Release|Any CPU
		{93B2F0AC-24A4-DD82-1299-8DA8A1855E8F}.Release|Any CPU.Build.0 = Release|Any CPU
		{A5CED44C-D371-8316-A221-9D03FB82358A}.Debug|Any CPU.ActiveCfg = Debug|Any CPU
		{A5CED44C-D371-8316-A221-9D03FB82358A}.Debug|Any CPU.Build.0 = Debug|Any CPU
		{A5CED44C-D371-8316-A221-9D03FB82358A}.Release|Any CPU.ActiveCfg = Release|Any CPU
		{A5CED44C-D371-8316-A221-9D03FB82358A}.Release|Any CPU.Build.0 = Release|Any CPU
	EndGlobalSection
	GlobalSection(SolutionProperties) = preSolution
		HideSolutionNode = FALSE
	EndGlobalSection
EndGlobal
