
Microsoft Visual Studio Solution File, Format Version 12.00
# Visual Studio 15
Project("{FAE04EC0-301F-11D3-BF4B-00C04F79EFBC}") = "ufo2D", "Assembly-CSharp.csproj", "{078266C6-09A3-A552-2730-295CE53AD7B8}"
EndProject
Project("{FAE04EC0-301F-11D3-BF4B-00C04F79EFBC}") = "ufo2D", "Assembly-CSharp-Editor.csproj", "{92BC4E91-D7C1-443D-D52C-B312D2E7CC7F}"
EndProject
Global
	GlobalSection(SolutionConfigurationPlatforms) = preSolution
		Debug|Any CPU = Debug|Any CPU
		Release|Any CPU = Release|Any CPU
	EndGlobalSection
	GlobalSection(ProjectConfigurationPlatforms) = postSolution
		{078266C6-09A3-A552-2730-295CE53AD7B8}.Debug|Any CPU.ActiveCfg = Debug|Any CPU
		{078266C6-09A3-A552-2730-295CE53AD7B8}.Debug|Any CPU.Build.0 = Debug|Any CPU
		{078266C6-09A3-A552-2730-295CE53AD7B8}.Release|Any CPU.ActiveCfg = Release|Any CPU
		{078266C6-09A3-A552-2730-295CE53AD7B8}.Release|Any CPU.Build.0 = Release|Any CPU
		{92BC4E91-D7C1-443D-D52C-B312D2E7CC7F}.Debug|Any CPU.ActiveCfg = Debug|Any CPU
		{92BC4E91-D7C1-443D-D52C-B312D2E7CC7F}.Debug|Any CPU.Build.0 = Debug|Any CPU
		{92BC4E91-D7C1-443D-D52C-B312D2E7CC7F}.Release|Any CPU.ActiveCfg = Release|Any CPU
		{92BC4E91-D7C1-443D-D52C-B312D2E7CC7F}.Release|Any CPU.Build.0 = Release|Any CPU
	EndGlobalSection
	GlobalSection(SolutionProperties) = preSolution
		HideSolutionNode = FALSE
	EndGlobalSection
EndGlobal
